
Microsoft Visual Studio Solution File, Format Version 12.00
# Visual Studio Version 17
VisualStudioVersion = 17.3.32929.385
MinimumVisualStudioVersion = 10.0.40219.1
Project("{2150E333-8FDC-42A3-9474-1A3956D46DE8}") = "Services", "Services", "{1C95637F-8A10-4F61-A4ED-C47EF04553EB}"
EndProject
Project("{2150E333-8FDC-42A3-9474-1A3956D46DE8}") = "Catalog", "Catalog", "{01C20CB2-5F65-45AC-B3D3-E843753AAC41}"
EndProject
Project("{9A19103F-16F7-4668-BE54-9A1E7A4F7556}") = "Catalog.API", "Services\Catalog\Catalog.API\Catalog.API.csproj", "{3F01D20F-370D-4702-A9BF-3F56A0520D2E}"
EndProject
Project("{E53339B2-1760-4266-BCC7-CA923CBCF16C}") = "docker-compose", "docker-compose.dcproj", "{1103F1DB-A9E6-4B43-B3CB-7FA7BDA00EFE}"
EndProject
Global
	GlobalSection(SolutionConfigurationPlatforms) = preSolution
		Debug|Any CPU = Debug|Any CPU
		Release|Any CPU = Release|Any CPU
	EndGlobalSection
	GlobalSection(ProjectConfigurationPlatforms) = postSolution
		{3F01D20F-370D-4702-A9BF-3F56A0520D2E}.Debug|Any CPU.ActiveCfg = Debug|Any CPU
		{3F01D20F-370D-4702-A9BF-3F56A0520D2E}.Debug|Any CPU.Build.0 = Debug|Any CPU
		{3F01D20F-370D-4702-A9BF-3F56A0520D2E}.Release|Any CPU.ActiveCfg = Release|Any CPU
		{3F01D20F-370D-4702-A9BF-3F56A0520D2E}.Release|Any CPU.Build.0 = Release|Any CPU
		{1103F1DB-A9E6-4B43-B3CB-7FA7BDA00EFE}.Debug|Any CPU.ActiveCfg = Debug|Any CPU
		{1103F1DB-A9E6-4B43-B3CB-7FA7BDA00EFE}.Debug|Any CPU.Build.0 = Debug|Any CPU
		{1103F1DB-A9E6-4B43-B3CB-7FA7BDA00EFE}.Release|Any CPU.ActiveCfg = Release|Any CPU
		{1103F1DB-A9E6-4B43-B3CB-7FA7BDA00EFE}.Release|Any CPU.Build.0 = Release|Any CPU
	EndGlobalSection
	GlobalSection(SolutionProperties) = preSolution
		HideSolutionNode = FALSE
	EndGlobalSection
	GlobalSection(NestedProjects) = preSolution
		{01C20CB2-5F65-45AC-B3D3-E843753AAC41} = {1C95637F-8A10-4F61-A4ED-C47EF04553EB}
		{3F01D20F-370D-4702-A9BF-3F56A0520D2E} = {01C20CB2-5F65-45AC-B3D3-E843753AAC41}
	EndGlobalSection
	GlobalSection(ExtensibilityGlobals) = postSolution
		SolutionGuid = {45247819-74F4-4BD4-A91E-E30FCDCFACC3}
	EndGlobalSection
EndGlobal
